
Microsoft Visual Studio Solution File, Format Version 12.00
# Visual Studio Version 17
VisualStudioVersion = 17.9.34607.119
MinimumVisualStudioVersion = 10.0.40219.1
Project("{FAE04EC0-301F-11D3-BF4B-00C04F79EFBC}") = "MarketApp", "MarketApp\MarketApp.csproj", "{C6CD2FAD-9098-4C5F-AFD0-C1A335356B26}"
EndProject
Project("{FAE04EC0-301F-11D3-BF4B-00C04F79EFBC}") = "CapaDatos", "CapaDatos\CapaDatos.csproj", "{AE4101C7-430F-4A69-8BF9-D803368E55FB}"
EndProject
Global
	GlobalSection(SolutionConfigurationPlatforms) = preSolution
		Debug|Any CPU = Debug|Any CPU
		Release|Any CPU = Release|Any CPU
	EndGlobalSection
	GlobalSection(ProjectConfigurationPlatforms) = postSolution
		{C6CD2FAD-9098-4C5F-AFD0-C1A335356B26}.Debug|Any CPU.ActiveCfg = Debug|Any CPU
		{C6CD2FAD-9098-4C5F-AFD0-C1A335356B26}.Debug|Any CPU.Build.0 = Debug|Any CPU
		{C6CD2FAD-9098-4C5F-AFD0-C1A335356B26}.Release|Any CPU.ActiveCfg = Release|Any CPU
		{C6CD2FAD-9098-4C5F-AFD0-C1A335356B26}.Release|Any CPU.Build.0 = Release|Any CPU
		{AE4101C7-430F-4A69-8BF9-D803368E55FB}.Debug|Any CPU.ActiveCfg = Debug|Any CPU
		{AE4101C7-430F-4A69-8BF9-D803368E55FB}.Debug|Any CPU.Build.0 = Debug|Any CPU
		{AE4101C7-430F-4A69-8BF9-D803368E55FB}.Release|Any CPU.ActiveCfg = Release|Any CPU
		{AE4101C7-430F-4A69-8BF9-D803368E55FB}.Release|Any CPU.Build.0 = Release|Any CPU
	EndGlobalSection
	GlobalSection(SolutionProperties) = preSolution
		HideSolutionNode = FALSE
	EndGlobalSection
	GlobalSection(ExtensibilityGlobals) = postSolution
		SolutionGuid = {0E48FACC-3317-4CA3-B3D4-D008FF30F75A}
	EndGlobalSection
EndGlobal
